// !$*UTF8*$!
{
	archiveVersion = 1;
	classes = {
	};
	objectVersion = 50;
	objects = {

/* Begin PBXBuildFile section */
		558910C62634A037002FFB40 /* AppDelegate.swift in Sources */ = {isa = PBXBuildFile; fileRef = 558910C52634A037002FFB40 /* AppDelegate.swift */; };
		558910C82634A037002FFB40 /* art.scnassets in Resources */ = {isa = PBXBuildFile; fileRef = 558910C72634A037002FFB40 /* art.scnassets */; };
		558910CA2634A037002FFB40 /* ViewController.swift in Sources */ = {isa = PBXBuildFile; fileRef = 558910C92634A037002FFB40 /* ViewController.swift */; };
		558910CD2634A037002FFB40 /* Main.storyboard in Resources */ = {isa = PBXBuildFile; fileRef = 558910CB2634A037002FFB40 /* Main.storyboard */; };
		558910CF2634A03A002FFB40 /* Assets.xcassets in Resources */ = {isa = PBXBuildFile; fileRef = 558910CE2634A03A002FFB40 /* Assets.xcassets */; };
		558910D22634A03B002FFB40 /* LaunchScreen.storyboard in Resources */ = {isa = PBXBuildFile; fileRef = 558910D02634A03B002FFB40 /* LaunchScreen.storyboard */; };
		558910DD2634A03B002FFB40 /* IKEAPlaceDemoTests.swift in Sources */ = {isa = PBXBuildFile; fileRef = 558910DC2634A03B002FFB40 /* IKEAPlaceDemoTests.swift */; };
		558910E82634A03B002FFB40 /* IKEAPlaceDemoUITests.swift in Sources */ = {isa = PBXBuildFile; fileRef = 558910E72634A03B002FFB40 /* IKEAPlaceDemoUITests.swift */; };
		558910FC2634A0E1002FFB40 /* FurnitureViewController.swift in Sources */ = {isa = PBXBuildFile; fileRef = 558910FB2634A0E1002FFB40 /* FurnitureViewController.swift */; };
		558911062634A4DF002FFB40 /* FurnitureTableViewCell.swift in Sources */ = {isa = PBXBuildFile; fileRef = 558911042634A4DF002FFB40 /* FurnitureTableViewCell.swift */; };
		558911072634A4DF002FFB40 /* FurnitureTableViewCell.xib in Resources */ = {isa = PBXBuildFile; fileRef = 558911052634A4DF002FFB40 /* FurnitureTableViewCell.xib */; };
/* End PBXBuildFile section */

/* Begin PBXContainerItemProxy section */
		558910D92634A03B002FFB40 /* PBXContainerItemProxy */ = {
			isa = PBXContainerItemProxy;
			containerPortal = 558910BA2634A037002FFB40 /* Project object */;
			proxyType = 1;
			remoteGlobalIDString = 558910C12634A037002FFB40;
			remoteInfo = IKEAPlaceDemo;
		};
		558910E42634A03B002FFB40 /* PBXContainerItemProxy */ = {
			isa = PBXContainerItemProxy;
			containerPortal = 558910BA2634A037002FFB40 /* Project object */;
			proxyType = 1;
			remoteGlobalIDString = 558910C12634A037002FFB40;
			remoteInfo = IKEAPlaceDemo;
		};
/* End PBXContainerItemProxy section */

/* Begin PBXFileReference section */
		558910C22634A037002FFB40 /* IKEAPlaceDemo.app */ = {isa = PBXFileReference; explicitFileType = wrapper.application; includeInIndex = 0; path = IKEAPlaceDemo.app; sourceTree = BUILT_PRODUCTS_DIR; };
		558910C52634A037002FFB40 /* AppDelegate.swift */ = {isa = PBXFileReference; lastKnownFileType = sourcecode.swift; path = AppDelegate.swift; sourceTree = "<group>"; };
		558910C72634A037002FFB40 /* art.scnassets */ = {isa = PBXFileReference; lastKnownFileType = wrapper.scnassets; path = art.scnassets; sourceTree = "<group>"; };
		558910C92634A037002FFB40 /* ViewController.swift */ = {isa = PBXFileReference; lastKnownFileType = sourcecode.swift; path = ViewController.swift; sourceTree = "<group>"; };
		558910CC2634A037002FFB40 /* Base */ = {isa = PBXFileReference; lastKnownFileType = file.storyboard; name = Base; path = Base.lproj/Main.storyboard; sourceTree = "<group>"; };
		558910CE2634A03A002FFB40 /* Assets.xcassets */ = {isa = PBXFileReference; lastKnownFileType = folder.assetcatalog; path = Assets.xcassets; sourceTree = "<group>"; };
		558910D12634A03B002FFB40 /* Base */ = {isa = PBXFileReference; lastKnownFileType = file.storyboard; name = Base; path = Base.lproj/LaunchScreen.storyboard; sourceTree = "<group>"; };
		558910D32634A03B002FFB40 /* Info.plist */ = {isa = PBXFileReference; lastKnownFileType = text.plist.xml; path = Info.plist; sourceTree = "<group>"; };
		558910D82634A03B002FFB40 /* IKEAPlaceDemoTests.xctest */ = {isa = PBXFileReference; explicitFileType = wrapper.cfbundle; includeInIndex = 0; path = IKEAPlaceDemoTests.xctest; sourceTree = BUILT_PRODUCTS_DIR; };
		558910DC2634A03B002FFB40 /* IKEAPlaceDemoTests.swift */ = {isa = PBXFileReference; lastKnownFileType = sourcecode.swift; path = IKEAPlaceDemoTests.swift; sourceTree = "<group>"; };
		558910DE2634A03B002FFB40 /* Info.plist */ = {isa = PBXFileReference; lastKnownFileType = text.plist.xml; path = Info.plist; sourceTree = "<group>"; };
		558910E32634A03B002FFB40 /* IKEAPlaceDemoUITests.xctest */ = {isa = PBXFileReference; explicitFileType = wrapper.cfbundle; includeInIndex = 0; path = IKEAPlaceDemoUITests.xctest; sourceTree = BUILT_PRODUCTS_DIR; };
		558910E72634A03B002FFB40 /* IKEAPlaceDemoUITests.swift */ = {isa = PBXFileReference; lastKnownFileType = sourcecode.swift; path = IKEAPlaceDemoUITests.swift; sourceTree = "<group>"; };
		558910E92634A03B002FFB40 /* Info.plist */ = {isa = PBXFileReference; lastKnownFileType = text.plist.xml; path = Info.plist; sourceTree = "<group>"; };
		558910FB2634A0E1002FFB40 /* FurnitureViewController.swift */ = {isa = PBXFileReference; lastKnownFileType = sourcecode.swift; path = FurnitureViewController.swift; sourceTree = "<group>"; };
		558911042634A4DF002FFB40 /* FurnitureTableViewCell.swift */ = {isa = PBXFileReference; lastKnownFileType = sourcecode.swift; path = FurnitureTableViewCell.swift; sourceTree = "<group>"; };
		558911052634A4DF002FFB40 /* FurnitureTableViewCell.xib */ = {isa = PBXFileReference; lastKnownFileType = file.xib; path = FurnitureTableViewCell.xib; sourceTree = "<group>"; };
/* End PBXFileReference section */

/* Begin PBXFrameworksBuildPhase section */
		558910BF2634A037002FFB40 /* Frameworks */ = {
			isa = PBXFrameworksBuildPhase;
			buildActionMask = 2147483647;
			files = (
			);
			runOnlyForDeploymentPostprocessing = 0;
		};
		558910D52634A03B002FFB40 /* Frameworks */ = {
			isa = PBXFrameworksBuildPhase;
			buildActionMask = 2147483647;
			files = (
			);
			runOnlyForDeploymentPostprocessing = 0;
		};
		558910E02634A03B002FFB40 /* Frameworks */ = {
			isa = PBXFrameworksBuildPhase;
			buildActionMask = 2147483647;
			files = (
			);
			runOnlyForDeploymentPostprocessing = 0;
		};
/* End PBXFrameworksBuildPhase section */

/* Begin PBXGroup section */
		558910B92634A037002FFB40 = {
			isa = PBXGroup;
			children = (
				558910C42634A037002FFB40 /* IKEAPlaceDemo */,
				558910DB2634A03B002FFB40 /* IKEAPlaceDemoTests */,
				558910E62634A03B002FFB40 /* IKEAPlaceDemoUITests */,
				558910C32634A037002FFB40 /* Products */,
			);
			sourceTree = "<group>";
		};
		558910C32634A037002FFB40 /* Products */ = {
			isa = PBXGroup;
			children = (
				558910C22634A037002FFB40 /* IKEAPlaceDemo.app */,
				558910D82634A03B002FFB40 /* IKEAPlaceDemoTests.xctest */,
				558910E32634A03B002FFB40 /* IKEAPlaceDemoUITests.xctest */,
			);
			name = Products;
			sourceTree = "<group>";
		};
		558910C42634A037002FFB40 /* IKEAPlaceDemo */ = {
			isa = PBXGroup;
			children = (
				558910C52634A037002FFB40 /* AppDelegate.swift */,
				558911032634A4C0002FFB40 /* Resources */,
				558910D02634A03B002FFB40 /* LaunchScreen.storyboard */,
				558910C92634A037002FFB40 /* ViewController.swift */,
				558910FB2634A0E1002FFB40 /* FurnitureViewController.swift */,
				558910CB2634A037002FFB40 /* Main.storyboard */,
				558911042634A4DF002FFB40 /* FurnitureTableViewCell.swift */,
				558911052634A4DF002FFB40 /* FurnitureTableViewCell.xib */,
				558910D32634A03B002FFB40 /* Info.plist */,
			);
			path = IKEAPlaceDemo;
			sourceTree = "<group>";
		};
		558910DB2634A03B002FFB40 /* IKEAPlaceDemoTests */ = {
			isa = PBXGroup;
			children = (
				558910DC2634A03B002FFB40 /* IKEAPlaceDemoTests.swift */,
				558910DE2634A03B002FFB40 /* Info.plist */,
			);
			path = IKEAPlaceDemoTests;
			sourceTree = "<group>";
		};
		558910E62634A03B002FFB40 /* IKEAPlaceDemoUITests */ = {
			isa = PBXGroup;
			children = (
				558910E72634A03B002FFB40 /* IKEAPlaceDemoUITests.swift */,
				558910E92634A03B002FFB40 /* Info.plist */,
			);
			path = IKEAPlaceDemoUITests;
			sourceTree = "<group>";
		};
		558911032634A4C0002FFB40 /* Resources */ = {
			isa = PBXGroup;
			children = (
				558910C72634A037002FFB40 /* art.scnassets */,
				558910CE2634A03A002FFB40 /* Assets.xcassets */,
			);
			path = Resources;
			sourceTree = "<group>";
		};
/* End PBXGroup section */

/* Begin PBXNativeTarget section */
		558910C12634A037002FFB40 /* IKEAPlaceDemo */ = {
			isa = PBXNativeTarget;
			buildConfigurationList = 558910EC2634A03B002FFB40 /* Build configuration list for PBXNativeTarget "IKEAPlaceDemo" */;
			buildPhases = (
				558910BE2634A037002FFB40 /* Sources */,
				558910BF2634A037002FFB40 /* Frameworks */,
				558910C02634A037002FFB40 /* Resources */,
			);
			buildRules = (
			);
			dependencies = (
			);
			name = IKEAPlaceDemo;
			productName = IKEAPlaceDemo;
			productReference = 558910C22634A037002FFB40 /* IKEAPlaceDemo.app */;
			productType = "com.apple.product-type.application";
		};
		558910D72634A03B002FFB40 /* IKEAPlaceDemoTests */ = {
			isa = PBXNativeTarget;
			buildConfigurationList = 558910EF2634A03B002FFB40 /* Build configuration list for PBXNativeTarget "IKEAPlaceDemoTests" */;
			buildPhases = (
				558910D42634A03B002FFB40 /* Sources */,
				558910D52634A03B002FFB40 /* Frameworks */,
				558910D62634A03B002FFB40 /* Resources */,
			);
			buildRules = (
			);
			dependencies = (
				558910DA2634A03B002FFB40 /* PBXTargetDependency */,
			);
			name = IKEAPlaceDemoTests;
			productName = IKEAPlaceDemoTests;
			productReference = 558910D82634A03B002FFB40 /* IKEAPlaceDemoTests.xctest */;
			productType = "com.apple.product-type.bundle.unit-test";
		};
		558910E22634A03B002FFB40 /* IKEAPlaceDemoUITests */ = {
			isa = PBXNativeTarget;
			buildConfigurationList = 558910F22634A03B002FFB40 /* Build configuration list for PBXNativeTarget "IKEAPlaceDemoUITests" */;
			buildPhases = (
				558910DF2634A03B002FFB40 /* Sources */,
				558910E02634A03B002FFB40 /* Frameworks */,
				558910E12634A03B002FFB40 /* Resources */,
			);
			buildRules = (
			);
			dependencies = (
				558910E52634A03B002FFB40 /* PBXTargetDependency */,
			);
			name = IKEAPlaceDemoUITests;
			productName = IKEAPlaceDemoUITests;
			productReference = 558910E32634A03B002FFB40 /* IKEAPlaceDemoUITests.xctest */;
			productType = "com.apple.product-type.bundle.ui-testing";
		};
/* End PBXNativeTarget section */

/* Begin PBXProject section */
		558910BA2634A037002FFB40 /* Project object */ = {
			isa = PBXProject;
			attributes = {
				LastSwiftUpdateCheck = 1240;
				LastUpgradeCheck = 1240;
				TargetAttributes = {
					558910C12634A037002FFB40 = {
						CreatedOnToolsVersion = 12.4;
					};
					558910D72634A03B002FFB40 = {
						CreatedOnToolsVersion = 12.4;
						TestTargetID = 558910C12634A037002FFB40;
					};
					558910E22634A03B002FFB40 = {
						CreatedOnToolsVersion = 12.4;
						TestTargetID = 558910C12634A037002FFB40;
					};
				};
			};
			buildConfigurationList = 558910BD2634A037002FFB40 /* Build configuration list for PBXProject "IKEAPlaceDemo" */;
			compatibilityVersion = "Xcode 9.3";
			developmentRegion = en;
			hasScannedForEncodings = 0;
			knownRegions = (
				en,
				Base,
			);
			mainGroup = 558910B92634A037002FFB40;
			productRefGroup = 558910C32634A037002FFB40 /* Products */;
			projectDirPath = "";
			projectRoot = "";
			targets = (
				558910C12634A037002FFB40 /* IKEAPlaceDemo */,
				558910D72634A03B002FFB40 /* IKEAPlaceDemoTests */,
				558910E22634A03B002FFB40 /* IKEAPlaceDemoUITests */,
			);
		};
/* End PBXProject section */

/* Begin PBXResourcesBuildPhase section */
		558910C02634A037002FFB40 /* Resources */ = {
			isa = PBXResourcesBuildPhase;
			buildActionMask = 2147483647;
			files = (
				558910C82634A037002FFB40 /* art.scnassets in Resources */,
				558910D22634A03B002FFB40 /* LaunchScreen.storyboard in Resources */,
				558910CF2634A03A002FFB40 /* Assets.xcassets in Resources */,
				558910CD2634A037002FFB40 /* Main.storyboard in Resources */,
				558911072634A4DF002FFB40 /* FurnitureTableViewCell.xib in Resources */,
			);
			runOnlyForDeploymentPostprocessing = 0;
		};
		558910D62634A03B002FFB40 /* Resources */ = {
			isa = PBXResourcesBuildPhase;
			buildActionMask = 2147483647;
			files = (
			);
			runOnlyForDeploymentPostprocessing = 0;
		};
		558910E12634A03B002FFB40 /* Resources */ = {
			isa = PBXResourcesBuildPhase;
			buildActionMask = 2147483647;
			files = (
			);
			runOnlyForDeploymentPostprocessing = 0;
		};
/* End PBXResourcesBuildPhase section */

/* Begin PBXSourcesBuildPhase section */
		558910BE2634A037002FFB40 /* Sources */ = {
			isa = PBXSourcesBuildPhase;
			buildActionMask = 2147483647;
			files = (
				558910CA2634A037002FFB40 /* ViewController.swift in Sources */,
				558910FC2634A0E1002FFB40 /* FurnitureViewController.swift in Sources */,
				558911062634A4DF002FFB40 /* FurnitureTableViewCell.swift in Sources */,
				558910C62634A037002FFB40 /* AppDelegate.swift in Sources */,
			);
			runOnlyForDeploymentPostprocessing = 0;
		};
		558910D42634A03B002FFB40 /* Sources */ = {
			isa = PBXSourcesBuildPhase;
			buildActionMask = 2147483647;
			files = (
				558910DD2634A03B002FFB40 /* IKEAPlaceDemoTests.swift in Sources */,
			);
			runOnlyForDeploymentPostprocessing = 0;
		};
		558910DF2634A03B002FFB40 /* Sources */ = {
			isa = PBXSourcesBuildPhase;
			buildActionMask = 2147483647;
			files = (
				558910E82634A03B002FFB40 /* IKEAPlaceDemoUITests.swift in Sources */,
			);
			runOnlyForDeploymentPostprocessing = 0;
		};
/* End PBXSourcesBuildPhase section */

/* Begin PBXTargetDependency section */
		558910DA2634A03B002FFB40 /* PBXTargetDependency */ = {
			isa = PBXTargetDependency;
			target = 558910C12634A037002FFB40 /* IKEAPlaceDemo */;
			targetProxy = 558910D92634A03B002FFB40 /* PBXContainerItemProxy */;
		};
		558910E52634A03B002FFB40 /* PBXTargetDependency */ = {
			isa = PBXTargetDependency;
			target = 558910C12634A037002FFB40 /* IKEAPlaceDemo */;
			targetProxy = 558910E42634A03B002FFB40 /* PBXContainerItemProxy */;
		};
/* End PBXTargetDependency section */

/* Begin PBXVariantGroup section */
		558910CB2634A037002FFB40 /* Main.storyboard */ = {
			isa = PBXVariantGroup;
			children = (
				558910CC2634A037002FFB40 /* Base */,
			);
			name = Main.storyboard;
			sourceTree = "<group>";
		};
		558910D02634A03B002FFB40 /* LaunchScreen.storyboard */ = {
			isa = PBXVariantGroup;
			children = (
				558910D12634A03B002FFB40 /* Base */,
			);
			name = LaunchScreen.storyboard;
			sourceTree = "<group>";
		};
/* End PBXVariantGroup section */

/* Begin XCBuildConfiguration section */
		558910EA2634A03B002FFB40 /* Debug */ = {
			isa = XCBuildConfiguration;
			buildSettings = {
				ALWAYS_SEARCH_USER_PATHS = NO;
				CLANG_ANALYZER_NONNULL = YES;
				CLANG_ANALYZER_NUMBER_OBJECT_CONVERSION = YES_AGGRESSIVE;
				CLANG_CXX_LANGUAGE_STANDARD = "gnu++14";
				CLANG_CXX_LIBRARY = "libc++";
				CLANG_ENABLE_MODULES = YES;
				CLANG_ENABLE_OBJC_ARC = YES;
				CLANG_ENABLE_OBJC_WEAK = YES;
				CLANG_WARN_BLOCK_CAPTURE_AUTORELEASING = YES;
				CLANG_WARN_BOOL_CONVERSION = YES;
				CLANG_WARN_COMMA = YES;
				CLANG_WARN_CONSTANT_CONVERSION = YES;
				CLANG_WARN_DEPRECATED_OBJC_IMPLEMENTATIONS = YES;
				CLANG_WARN_DIRECT_OBJC_ISA_USAGE = YES_ERROR;
				CLANG_WARN_DOCUMENTATION_COMMENTS = YES;
				CLANG_WARN_EMPTY_BODY = YES;
				CLANG_WARN_ENUM_CONVERSION = YES;
				CLANG_WARN_INFINITE_RECURSION = YES;
				CLANG_WARN_INT_CONVERSION = YES;
				CLANG_WARN_NON_LITERAL_NULL_CONVERSION = YES;
				CLANG_WARN_OBJC_IMPLICIT_RETAIN_SELF = YES;
				CLANG_WARN_OBJC_LITERAL_CONVERSION = YES;
				CLANG_WARN_OBJC_ROOT_CLASS = YES_ERROR;
				CLANG_WARN_QUOTED_INCLUDE_IN_FRAMEWORK_HEADER = YES;
				CLANG_WARN_RANGE_LOOP_ANALYSIS = YES;
				CLANG_WARN_STRICT_PROTOTYPES = YES;
				CLANG_WARN_SUSPICIOUS_MOVE = YES;
				CLANG_WARN_UNGUARDED_AVAILABILITY = YES_AGGRESSIVE;
				CLANG_WARN_UNREACHABLE_CODE = YES;
				CLANG_WARN__DUPLICATE_METHOD_MATCH = YES;
				COPY_PHASE_STRIP = NO;
				DEBUG_INFORMATION_FORMAT = dwarf;
				ENABLE_STRICT_OBJC_MSGSEND = YES;
				ENABLE_TESTABILITY = YES;
				GCC_C_LANGUAGE_STANDARD = gnu11;
				GCC_DYNAMIC_NO_PIC = NO;
				GCC_NO_COMMON_BLOCKS = YES;
				GCC_OPTIMIZATION_LEVEL = 0;
				GCC_PREPROCESSOR_DEFINITIONS = (
					"DEBUG=1",
					"$(inherited)",
				);
				GCC_WARN_64_TO_32_BIT_CONVERSION = YES;
				GCC_WARN_ABOUT_RETURN_TYPE = YES_ERROR;
				GCC_WARN_UNDECLARED_SELECTOR = YES;
				GCC_WARN_UNINITIALIZED_AUTOS = YES_AGGRESSIVE;
				GCC_WARN_UNUSED_FUNCTION = YES;
				GCC_WARN_UNUSED_VARIABLE = YES;
				IPHONEOS_DEPLOYMENT_TARGET = 14.4;
				MTL_ENABLE_DEBUG_INFO = INCLUDE_SOURCE;
				MTL_FAST_MATH = YES;
				ONLY_ACTIVE_ARCH = YES;
				SDKROOT = iphoneos;
				SWIFT_ACTIVE_COMPILATION_CONDITIONS = DEBUG;
				SWIFT_OPTIMIZATION_LEVEL = "-Onone";
			};
			name = Debug;
		};
		558910EB2634A03B002FFB40 /* Release */ = {
			isa = XCBuildConfiguration;
			buildSettings = {
				ALWAYS_SEARCH_USER_PATHS = NO;
				CLANG_ANALYZER_NONNULL = YES;
				CLANG_ANALYZER_NUMBER_OBJECT_CONVERSION = YES_AGGRESSIVE;
				CLANG_CXX_LANGUAGE_STANDARD = "gnu++14";
				CLANG_CXX_LIBRARY = "libc++";
				CLANG_ENABLE_MODULES = YES;
				CLANG_ENABLE_OBJC_ARC = YES;
				CLANG_ENABLE_OBJC_WEAK = YES;
				CLANG_WARN_BLOCK_CAPTURE_AUTORELEASING = YES;
				CLANG_WARN_BOOL_CONVERSION = YES;
				CLANG_WARN_COMMA = YES;
				CLANG_WARN_CONSTANT_CONVERSION = YES;
				CLANG_WARN_DEPRECATED_OBJC_IMPLEMENTATIONS = YES;
				CLANG_WARN_DIRECT_OBJC_ISA_USAGE = YES_ERROR;
				CLANG_WARN_DOCUMENTATION_COMMENTS = YES;
				CLANG_WARN_EMPTY_BODY = YES;
				CLANG_WARN_ENUM_CONVERSION = YES;
				CLANG_WARN_INFINITE_RECURSION = YES;
				CLANG_WARN_INT_CONVERSION = YES;
				CLANG_WARN_NON_LITERAL_NULL_CONVERSION = YES;
				CLANG_WARN_OBJC_IMPLICIT_RETAIN_SELF = YES;
				CLANG_WARN_OBJC_LITERAL_CONVERSION = YES;
				CLANG_WARN_OBJC_ROOT_CLASS = YES_ERROR;
				CLANG_WARN_QUOTED_INCLUDE_IN_FRAMEWORK_HEADER = YES;
				CLANG_WARN_RANGE_LOOP_ANALYSIS = YES;
				CLANG_WARN_STRICT_PROTOTYPES = YES;
				CLANG_WARN_SUSPICIOUS_MOVE = YES;
				CLANG_WARN_UNGUARDED_AVAILABILITY = YES_AGGRESSIVE;
				CLANG_WARN_UNREACHABLE_CODE = YES;
				CLANG_WARN__DUPLICATE_METHOD_MATCH = YES;
				COPY_PHASE_STRIP = NO;
				DEBUG_INFORMATION_FORMAT = "dwarf-with-dsym";
				ENABLE_NS_ASSERTIONS = NO;
				ENABLE_STRICT_OBJC_MSGSEND = YES;
				GCC_C_LANGUAGE_STANDARD = gnu11;
				GCC_NO_COMMON_BLOCKS = YES;
				GCC_WARN_64_TO_32_BIT_CONVERSION = YES;
				GCC_WARN_ABOUT_RETURN_TYPE = YES_ERROR;
				GCC_WARN_UNDECLARED_SELECTOR = YES;
				GCC_WARN_UNINITIALIZED_AUTOS = YES_AGGRESSIVE;
				GCC_WARN_UNUSED_FUNCTION = YES;
				GCC_WARN_UNUSED_VARIABLE = YES;
				IPHONEOS_DEPLOYMENT_TARGET = 14.4;
				MTL_ENABLE_DEBUG_INFO = NO;
				MTL_FAST_MATH = YES;
				SDKROOT = iphoneos;
				SWIFT_COMPILATION_MODE = wholemodule;
				SWIFT_OPTIMIZATION_LEVEL = "-O";
				VALIDATE_PRODUCT = YES;
			};
			name = Release;
		};
		558910ED2634A03B002FFB40 /* Debug */ = {
			isa = XCBuildConfiguration;
			buildSettings = {
				ASSETCATALOG_COMPILER_APPICON_NAME = AppIcon;
				ASSETCATALOG_COMPILER_GLOBAL_ACCENT_COLOR_NAME = AccentColor;
				CODE_SIGN_STYLE = Automatic;
				DEVELOPMENT_TEAM = BURUYS8MLQ;
				INFOPLIST_FILE = IKEAPlaceDemo/Info.plist;
				LD_RUNPATH_SEARCH_PATHS = (
					"$(inherited)",
					"@executable_path/Frameworks",
				);
				PRODUCT_BUNDLE_IDENTIFIER = tershouse.IKEAPlaceDemo;
				PRODUCT_NAME = "$(TARGET_NAME)";
				SWIFT_VERSION = 5.0;
				TARGETED_DEVICE_FAMILY = 1;
			};
			name = Debug;
		};
		558910EE2634A03B002FFB40 /* Release */ = {
			isa = XCBuildConfiguration;
			buildSettings = {
				ASSETCATALOG_COMPILER_APPICON_NAME = AppIcon;
				ASSETCATALOG_COMPILER_GLOBAL_ACCENT_COLOR_NAME = AccentColor;
				CODE_SIGN_STYLE = Automatic;
				DEVELOPMENT_TEAM = BURUYS8MLQ;
				INFOPLIST_FILE = IKEAPlaceDemo/Info.plist;
				LD_RUNPATH_SEARCH_PATHS = (
					"$(inherited)",
					"@executable_path/Frameworks",
				);
				PRODUCT_BUNDLE_IDENTIFIER = tershouse.IKEAPlaceDemo;
				PRODUCT_NAME = "$(TARGET_NAME)";
				SWIFT_VERSION = 5.0;
				TARGETED_DEVICE_FAMILY = 1;
			};
			name = Release;
		};
		558910F02634A03B002FFB40 /* Debug */ = {
			isa = XCBuildConfiguration;
			buildSettings = {
				ALWAYS_EMBED_SWIFT_STANDARD_LIBRARIES = YES;
				BUNDLE_LOADER = "$(TEST_HOST)";
				CODE_SIGN_STYLE = Automatic;
				DEVELOPMENT_TEAM = BURUYS8MLQ;
				INFOPLIST_FILE = IKEAPlaceDemoTests/Info.plist;
				IPHONEOS_DEPLOYMENT_TARGET = 14.4;
				LD_RUNPATH_SEARCH_PATHS = (
					"$(inherited)",
					"@executable_path/Frameworks",
					"@loader_path/Frameworks",
				);
				PRODUCT_BUNDLE_IDENTIFIER = tershouse.IKEAPlaceDemoTests;
				PRODUCT_NAME = "$(TARGET_NAME)";
				SWIFT_VERSION = 5.0;
				TARGETED_DEVICE_FAMILY = "1,2";
				TEST_HOST = "$(BUILT_PRODUCTS_DIR)/IKEAPlaceDemo.app/IKEAPlaceDemo";
			};
			name = Debug;
		};
		558910F12634A03B002FFB40 /* Release */ = {
			isa = XCBuildConfiguration;
			buildSettings = {
				ALWAYS_EMBED_SWIFT_STANDARD_LIBRARIES = YES;
				BUNDLE_LOADER = "$(TEST_HOST)";
				CODE_SIGN_STYLE = Automatic;
				DEVELOPMENT_TEAM = BURUYS8MLQ;
				INFOPLIST_FILE = IKEAPlaceDemoTests/Info.plist;
				IPHONEOS_DEPLOYMENT_TARGET = 14.4;
				LD_RUNPATH_SEARCH_PATHS = (
					"$(inherited)",
					"@executable_path/Frameworks",
					"@loader_path/Frameworks",
				);
				PRODUCT_BUNDLE_IDENTIFIER = tershouse.IKEAPlaceDemoTests;
				PRODUCT_NAME = "$(TARGET_NAME)";
				SWIFT_VERSION = 5.0;
				TARGETED_DEVICE_FAMILY = "1,2";
				TEST_HOST = "$(BUILT_PRODUCTS_DIR)/IKEAPlaceDemo.app/IKEAPlaceDemo";
			};
			name = Release;
		};
		558910F32634A03B002FFB40 /* Debug */ = {
			isa = XCBuildConfiguration;
			buildSettings = {
				ALWAYS_EMBED_SWIFT_STANDARD_LIBRARIES = YES;
				CODE_SIGN_STYLE = Automatic;
				DEVELOPMENT_TEAM = BURUYS8MLQ;
				INFOPLIST_FILE = IKEAPlaceDemoUITests/Info.plist;
				LD_RUNPATH_SEARCH_PATHS = (
					"$(inherited)",
					"@executable_path/Frameworks",
					"@loader_path/Frameworks",
				);
				PRODUCT_BUNDLE_IDENTIFIER = tershouse.IKEAPlaceDemoUITests;
				PRODUCT_NAME = "$(TARGET_NAME)";
				SWIFT_VERSION = 5.0;
				TARGETED_DEVICE_FAMILY = "1,2";
				TEST_TARGET_NAME = IKEAPlaceDemo;
			};
			name = Debug;
		};
		558910F42634A03B002FFB40 /* Release */ = {
			isa = XCBuildConfiguration;
			buildSettings = {
				ALWAYS_EMBED_SWIFT_STANDARD_LIBRARIES = YES;
				CODE_SIGN_STYLE = Automatic;
				DEVELOPMENT_TEAM = BURUYS8MLQ;
				INFOPLIST_FILE = IKEAPlaceDemoUITests/Info.plist;
				LD_RUNPATH_SEARCH_PATHS = (
					"$(inherited)",
					"@executable_path/Frameworks",
					"@loader_path/Frameworks",
				);
				PRODUCT_BUNDLE_IDENTIFIER = tershouse.IKEAPlaceDemoUITests;
				PRODUCT_NAME = "$(TARGET_NAME)";
				SWIFT_VERSION = 5.0;
				TARGETED_DEVICE_FAMILY = "1,2";
				TEST_TARGET_NAME = IKEAPlaceDemo;
			};
			name = Release;
		};
/* End XCBuildConfiguration section */

/* Begin XCConfigurationList section */
		558910BD2634A037002FFB40 /* Build configuration list for PBXProject "IKEAPlaceDemo" */ = {
			isa = XCConfigurationList;
			buildConfigurations = (
				558910EA2634A03B002FFB40 /* Debug */,
				558910EB2634A03B002FFB40 /* Release */,
			);
			defaultConfigurationIsVisible = 0;
			defaultConfigurationName = Release;
		};
		558910EC2634A03B002FFB40 /* Build configuration list for PBXNativeTarget "IKEAPlaceDemo" */ = {
			isa = XCConfigurationList;
			buildConfigurations = (
				558910ED2634A03B002FFB40 /* Debug */,
				558910EE2634A03B002FFB40 /* Release */,
			);
			defaultConfigurationIsVisible = 0;
			defaultConfigurationName = Release;
		};
		558910EF2634A03B002FFB40 /* Build configuration list for PBXNativeTarget "IKEAPlaceDemoTests" */ = {
			isa = XCConfigurationList;
			buildConfigurations = (
				558910F02634A03B002FFB40 /* Debug */,
				558910F12634A03B002FFB40 /* Release */,
			);
			defaultConfigurationIsVisible = 0;
			defaultConfigurationName = Release;
		};
		558910F22634A03B002FFB40 /* Build configuration list for PBXNativeTarget "IKEAPlaceDemoUITests" */ = {
			isa = XCConfigurationList;
			buildConfigurations = (
				558910F32634A03B002FFB40 /* Debug */,
				558910F42634A03B002FFB40 /* Release */,
			);
			defaultConfigurationIsVisible = 0;
			defaultConfigurationName = Release;
		};
/* End XCConfigurationList section */
	};
	rootObject = 558910BA2634A037002FFB40 /* Project object */;
}
